{
  "nodes": {
    "buffer-manager": {
      "flake": false,
      "locked": {
        "lastModified": 1715068187,
        "narHash": "sha256-abe9ZGmL7U9rC+LxC3LO5/bOn8lHke1FCKO0V3TZGs0=",
        "owner": "j-morano",
        "repo": "buffer_manager.nvim",
        "rev": "fd36131b2b3e0f03fd6353ae2ffc88cf920b3bbb",
        "type": "github"
      },
      "original": {
        "owner": "j-morano",
        "repo": "buffer_manager.nvim",
        "type": "github"
      }
    },
    "calendar": {
      "flake": false,
      "locked": {
        "lastModified": 1677764960,
        "narHash": "sha256-I/YqDiajmKnheQ4vAA6x+sGkCaAWeIn1MEYvffEbR0Y=",
        "owner": "itchyny",
        "repo": "calendar.vim",
        "rev": "66e6d0955efb6beb68912dce3ff484e8805d975c",
        "type": "github"
      },
      "original": {
        "owner": "itchyny",
        "repo": "calendar.vim",
        "type": "github"
      }
    },
    "catppuccin": {
      "locked": {
        "lastModified": 1731088327,
        "narHash": "sha256-Oizjf0wXBTqALipX4fQdGjq9IBSCXz8wwcfCGRK73bI=",
        "owner": "catppuccin",
        "repo": "nix",
        "rev": "7bebd062df3239c005c0d600f5dfd8514f5915f8",
        "type": "github"
      },
      "original": {
        "owner": "catppuccin",
        "repo": "nix",
        "type": "github"
      }
    },
    "catppuccin-vsc": {
      "inputs": {
        "nixpkgs": "nixpkgs"
      },
      "locked": {
        "lastModified": 1731107453,
        "narHash": "sha256-U5+2/yP0NMFPHc8/HVz0pKApXvKHB+tNrnQcekGiauc=",
        "owner": "catppuccin",
        "repo": "vscode",
        "rev": "bbb0b5a231a082790398613266e56268ae2e4de0",
        "type": "github"
      },
      "original": {
        "owner": "catppuccin",
        "repo": "vscode",
        "type": "github"
      }
    },
    "devshell": {
      "inputs": {
        "nixpkgs": [
          "nvix",
          "nixvim",
          "nixpkgs"
        ]
      },
      "locked": {
        "lastModified": 1728330715,
        "narHash": "sha256-xRJ2nPOXb//u1jaBnDP56M7v5ldavjbtR6lfGqSvcKg=",
        "owner": "numtide",
        "repo": "devshell",
        "rev": "dd6b80932022cea34a019e2bb32f6fa9e494dfef",
        "type": "github"
      },
      "original": {
        "owner": "numtide",
        "repo": "devshell",
        "type": "github"
      }
    },
    "disko": {
      "inputs": {
        "nixpkgs": [
          "nixpkgs"
        ]
      },
      "locked": {
        "lastModified": 1731060864,
        "narHash": "sha256-aYE7oAYZ+gPU1mPNhM0JwLAQNgjf0/JK1BF1ln2KBgk=",
        "owner": "nix-community",
        "repo": "disko",
        "rev": "5e40e02978e3bd63c2a6a9fa6fa8ba0e310e747f",
        "type": "github"
      },
      "original": {
        "owner": "nix-community",
        "repo": "disko",
        "type": "github"
      }
    },
    "flake-compat": {
      "flake": false,
      "locked": {
        "lastModified": 1696426674,
        "narHash": "sha256-kvjfFW7WAETZlt09AgDn1MrtKzP7t90Vf7vypd3OL1U=",
        "owner": "edolstra",
        "repo": "flake-compat",
        "rev": "0f9255e01c2351cc7d116c072cb317785dd33b33",
        "type": "github"
      },
      "original": {
        "owner": "edolstra",
        "repo": "flake-compat",
        "type": "github"
      }
    },
    "flake-compat_2": {
      "locked": {
        "lastModified": 1696426674,
        "narHash": "sha256-kvjfFW7WAETZlt09AgDn1MrtKzP7t90Vf7vypd3OL1U=",
        "rev": "0f9255e01c2351cc7d116c072cb317785dd33b33",
        "revCount": 57,
        "type": "tarball",
        "url": "https://api.flakehub.com/f/pinned/edolstra/flake-compat/1.0.1/018afb31-abd1-7bff-a5e4-cff7e18efb7a/source.tar.gz"
      },
      "original": {
        "type": "tarball",
        "url": "https://flakehub.com/f/edolstra/flake-compat/1.tar.gz"
      }
    },
    "flake-compat_3": {
      "flake": false,
      "locked": {
        "lastModified": 1696426674,
        "narHash": "sha256-kvjfFW7WAETZlt09AgDn1MrtKzP7t90Vf7vypd3OL1U=",
        "owner": "edolstra",
        "repo": "flake-compat",
        "rev": "0f9255e01c2351cc7d116c072cb317785dd33b33",
        "type": "github"
      },
      "original": {
        "owner": "edolstra",
        "repo": "flake-compat",
        "type": "github"
      }
    },
    "flake-parts": {
      "inputs": {
        "nixpkgs-lib": "nixpkgs-lib"
      },
      "locked": {
        "lastModified": 1730504689,
        "narHash": "sha256-hgmguH29K2fvs9szpq2r3pz2/8cJd2LPS+b4tfNFCwE=",
        "owner": "hercules-ci",
        "repo": "flake-parts",
        "rev": "506278e768c2a08bec68eb62932193e341f55c90",
        "type": "github"
      },
      "original": {
        "owner": "hercules-ci",
        "repo": "flake-parts",
        "type": "github"
      }
    },
    "flake-parts_2": {
      "inputs": {
        "nixpkgs-lib": [
          "nvix",
          "nixvim",
          "nixpkgs"
        ]
      },
      "locked": {
        "lastModified": 1730504689,
        "narHash": "sha256-hgmguH29K2fvs9szpq2r3pz2/8cJd2LPS+b4tfNFCwE=",
        "owner": "hercules-ci",
        "repo": "flake-parts",
        "rev": "506278e768c2a08bec68eb62932193e341f55c90",
        "type": "github"
      },
      "original": {
        "owner": "hercules-ci",
        "repo": "flake-parts",
        "type": "github"
      }
    },
    "flake-utils": {
      "inputs": {
        "systems": "systems"
      },
      "locked": {
        "lastModified": 1710146030,
        "narHash": "sha256-SZ5L6eA7HJ/nmkzGG7/ISclqe6oZdOZTNoesiInkXPQ=",
        "owner": "numtide",
        "repo": "flake-utils",
        "rev": "b1d9ab70662946ef0850d488da1c9019f3a9752a",
        "type": "github"
      },
      "original": {
        "owner": "numtide",
        "repo": "flake-utils",
        "type": "github"
      }
    },
    "flake-utils_2": {
      "inputs": {
        "systems": "systems_2"
      },
      "locked": {
        "lastModified": 1726560853,
        "narHash": "sha256-X6rJYSESBVr3hBoH0WbKE5KvhPU5bloyZ2L4K60/fPQ=",
        "owner": "numtide",
        "repo": "flake-utils",
        "rev": "c1dfcf08411b08f6b8615f7d8971a2bfa81d5e8a",
        "type": "github"
      },
      "original": {
        "owner": "numtide",
        "repo": "flake-utils",
        "type": "github"
      }
    },
    "git-hooks": {
      "inputs": {
        "flake-compat": [
          "nvix",
          "nixvim",
          "flake-compat"
        ],
        "gitignore": "gitignore",
        "nixpkgs": [
          "nvix",
          "nixvim",
          "nixpkgs"
        ],
        "nixpkgs-stable": [
          "nvix",
          "nixvim",
          "nixpkgs"
        ]
      },
      "locked": {
        "lastModified": 1730302582,
        "narHash": "sha256-W1MIJpADXQCgosJZT8qBYLRuZls2KSiKdpnTVdKBuvU=",
        "owner": "cachix",
        "repo": "git-hooks.nix",
        "rev": "af8a16fe5c264f5e9e18bcee2859b40a656876cf",
        "type": "github"
      },
      "original": {
        "owner": "cachix",
        "repo": "git-hooks.nix",
        "type": "github"
      }
    },
    "gitignore": {
      "inputs": {
        "nixpkgs": [
          "nvix",
          "nixvim",
          "git-hooks",
          "nixpkgs"
        ]
      },
      "locked": {
        "lastModified": 1709087332,
        "narHash": "sha256-HG2cCnktfHsKV0s4XW83gU3F57gaTljL9KNSuG6bnQs=",
        "owner": "hercules-ci",
        "repo": "gitignore.nix",
        "rev": "637db329424fd7e46cf4185293b9cc8c88c95394",
        "type": "github"
      },
      "original": {
        "owner": "hercules-ci",
        "repo": "gitignore.nix",
        "type": "github"
      }
    },
    "gitignore_2": {
      "inputs": {
        "nixpkgs": [
          "pre-commit-hooks",
          "nixpkgs"
        ]
      },
      "locked": {
        "lastModified": 1709087332,
        "narHash": "sha256-HG2cCnktfHsKV0s4XW83gU3F57gaTljL9KNSuG6bnQs=",
        "owner": "hercules-ci",
        "repo": "gitignore.nix",
        "rev": "637db329424fd7e46cf4185293b9cc8c88c95394",
        "type": "github"
      },
      "original": {
        "owner": "hercules-ci",
        "repo": "gitignore.nix",
        "type": "github"
      }
    },
    "hardware": {
      "locked": {
        "lastModified": 1730919458,
        "narHash": "sha256-yMO0T0QJlmT/x4HEyvrCyigGrdYfIXX3e5gWqB64wLg=",
        "owner": "nixos",
        "repo": "nixos-hardware",
        "rev": "e1cc1f6483393634aee94514186d21a4871e78d7",
        "type": "github"
      },
      "original": {
        "owner": "nixos",
        "repo": "nixos-hardware",
        "type": "github"
      }
    },
    "home-manager": {
      "inputs": {
        "nixpkgs": [
          "nixpkgs-unstable"
        ]
      },
      "locked": {
        "lastModified": 1730837930,
        "narHash": "sha256-0kZL4m+bKBJUBQse0HanewWO0g8hDdCvBhudzxgehqc=",
        "owner": "nix-community",
        "repo": "home-manager",
        "rev": "2f607e07f3ac7e53541120536708e824acccfaa8",
        "type": "github"
      },
      "original": {
        "owner": "nix-community",
        "repo": "home-manager",
        "type": "github"
      }
    },
    "home-manager_2": {
      "inputs": {
        "nixpkgs": [
          "nvix",
          "nixvim",
          "nixpkgs"
        ]
      },
      "locked": {
        "lastModified": 1730490306,
        "narHash": "sha256-AvCVDswOUM9D368HxYD25RsSKp+5o0L0/JHADjLoD38=",
        "owner": "nix-community",
        "repo": "home-manager",
        "rev": "1743615b61c7285976f85b303a36cdf88a556503",
        "type": "github"
      },
      "original": {
        "owner": "nix-community",
        "repo": "home-manager",
        "type": "github"
      }
    },
    "ixx": {
      "inputs": {
        "flake-utils": [
          "nvix",
          "nixvim",
          "nuschtosSearch",
          "flake-utils"
        ],
        "nixpkgs": [
          "nvix",
          "nixvim",
          "nuschtosSearch",
          "nixpkgs"
        ]
      },
      "locked": {
        "lastModified": 1729544999,
        "narHash": "sha256-YcyJLvTmN6uLEBGCvYoMLwsinblXMkoYkNLEO4WnKus=",
        "owner": "NuschtOS",
        "repo": "ixx",
        "rev": "65c207c92befec93e22086da9456d3906a4e999c",
        "type": "github"
      },
      "original": {
        "owner": "NuschtOS",
        "ref": "v0.0.5",
        "repo": "ixx",
        "type": "github"
      }
    },
    "md-pdf": {
      "flake": false,
      "locked": {
        "lastModified": 1727606106,
        "narHash": "sha256-byQAMXnksmbEqGOZbePemb4RyQPwYYcgteL9Hcxrg9M=",
        "owner": "arminveres",
        "repo": "md-pdf.nvim",
        "rev": "0da0bf9a6e85855762c68b40019851a75543d82b",
        "type": "github"
      },
      "original": {
        "owner": "arminveres",
        "repo": "md-pdf.nvim",
        "type": "github"
      }
    },
    "minty": {
      "flake": false,
      "locked": {
        "lastModified": 1730514012,
        "narHash": "sha256-of/aa8L7G8Y4Mm+JmagP+CjiPaqAZEWiS8OIifTeeGk=",
        "owner": "NvChad",
        "repo": "minty",
        "rev": "6e5c4cfc66e5dbb248ab78293d1c147de0c33a54",
        "type": "github"
      },
      "original": {
        "owner": "NvChad",
        "repo": "minty",
        "type": "github"
      }
    },
    "nix-darwin": {
      "inputs": {
        "nixpkgs": [
          "nvix",
          "nixvim",
          "nixpkgs"
        ]
      },
      "locked": {
        "lastModified": 1730448474,
        "narHash": "sha256-qE/cYKBhzxHMtKtLK3hlSR3uzO1pWPGLrBuQK7r0CHc=",
        "owner": "lnl7",
        "repo": "nix-darwin",
        "rev": "683d0c4cd1102dcccfa3f835565378c7f3cbe05e",
        "type": "github"
      },
      "original": {
        "owner": "lnl7",
        "repo": "nix-darwin",
        "type": "github"
      }
    },
    "nix-index-database": {
      "inputs": {
        "nixpkgs": [
          "nixpkgs"
        ]
      },
      "locked": {
        "lastModified": 1730604744,
        "narHash": "sha256-/MK6QU4iOozJ4oHTfZipGtOgaT/uy/Jm4foCqHQeYR4=",
        "owner": "nix-community",
        "repo": "nix-index-database",
        "rev": "cc2ddbf2df8ef7cc933543b1b42b845ee4772318",
        "type": "github"
      },
      "original": {
        "owner": "nix-community",
        "repo": "nix-index-database",
        "type": "github"
      }
    },
    "nix-secrets": {
      "locked": {
        "lastModified": 1729741564,
        "narHash": "sha256-dmhHoiIDUdpMezr9nYynBb2utFCtzlW2cx9uOW3KUc0=",
        "ref": "main",
        "rev": "57c99a6e05d42f49b36fd8f81c78930edc79ed66",
        "shallow": true,
        "type": "git",
        "url": "ssh://git@github.com/DrymarchonShaun/nix-secrets"
      },
      "original": {
        "ref": "main",
        "shallow": true,
        "type": "git",
        "url": "ssh://git@github.com/DrymarchonShaun/nix-secrets"
      }
    },
    "nix-vscode-extensions": {
      "inputs": {
        "flake-compat": "flake-compat",
        "flake-utils": "flake-utils",
        "nixpkgs": "nixpkgs_2"
      },
      "locked": {
        "lastModified": 1731116699,
        "narHash": "sha256-E0+gBErwA46lfUetpiwyfjKdnlRCmZsp7O7AJ6eCT44=",
        "owner": "nix-community",
        "repo": "nix-vscode-extensions",
        "rev": "215a7f76ecd4fcdc834304c473759cff0b7d032b",
        "type": "github"
      },
      "original": {
        "owner": "nix-community",
        "repo": "nix-vscode-extensions",
        "type": "github"
      }
    },
    "nixpkgs": {
      "locked": {
        "lastModified": 1712963716,
        "narHash": "sha256-WKm9CvgCldeIVvRz87iOMi8CFVB1apJlkUT4GGvA0iM=",
        "owner": "NixOS",
        "repo": "nixpkgs",
        "rev": "cfd6b5fc90b15709b780a5a1619695a88505a176",
        "type": "github"
      },
      "original": {
        "owner": "NixOS",
        "ref": "nixos-unstable",
        "repo": "nixpkgs",
        "type": "github"
      }
    },
    "nixpkgs-dev": {
      "locked": {
        "lastModified": 1731046437,
        "narHash": "sha256-gI0bzBAY5hiJVAJIM9vW2qjG33Li/JwHHA7RYC1bpuI=",
        "owner": "DrymarchonShaun",
        "repo": "nixpkgs",
        "rev": "f520e3144d8cbdaf9f47db39ec85f48449b9fe31",
        "type": "github"
      },
      "original": {
        "owner": "DrymarchonShaun",
        "ref": "dev",
        "repo": "nixpkgs",
        "type": "github"
      }
    },
    "nixpkgs-lib": {
      "locked": {
        "lastModified": 1730504152,
        "narHash": "sha256-lXvH/vOfb4aGYyvFmZK/HlsNsr/0CVWlwYvo2rxJk3s=",
        "type": "tarball",
        "url": "https://github.com/NixOS/nixpkgs/archive/cc2f28000298e1269cea6612cd06ec9979dd5d7f.tar.gz"
      },
      "original": {
        "type": "tarball",
        "url": "https://github.com/NixOS/nixpkgs/archive/cc2f28000298e1269cea6612cd06ec9979dd5d7f.tar.gz"
      }
    },
    "nixpkgs-master": {
      "locked": {
        "lastModified": 1731176621,
        "narHash": "sha256-PJf3OOsXZAim8tbiJ7aNfoqGUSypDN8DTSpi/WlitVE=",
        "owner": "NixOS",
        "repo": "nixpkgs",
        "rev": "5c44f6f77c96110c3af02b970876dc604d4e7f26",
        "type": "github"
      },
      "original": {
        "owner": "NixOS",
        "ref": "master",
        "repo": "nixpkgs",
        "type": "github"
      }
    },
    "nixpkgs-stable": {
      "locked": {
        "lastModified": 1730963269,
        "narHash": "sha256-rz30HrFYCHiWEBCKHMffHbMdWJ35hEkcRVU0h7ms3x0=",
        "owner": "NixOS",
        "repo": "nixpkgs",
        "rev": "83fb6c028368e465cd19bb127b86f971a5e41ebc",
        "type": "github"
      },
      "original": {
        "owner": "NixOS",
        "ref": "nixos-24.05",
        "repo": "nixpkgs",
        "type": "github"
      }
    },
    "nixpkgs-stable_2": {
      "locked": {
        "lastModified": 1730741070,
        "narHash": "sha256-edm8WG19kWozJ/GqyYx2VjW99EdhjKwbY3ZwdlPAAlo=",
        "owner": "NixOS",
        "repo": "nixpkgs",
        "rev": "d063c1dd113c91ab27959ba540c0d9753409edf3",
        "type": "github"
      },
      "original": {
        "owner": "NixOS",
        "ref": "nixos-24.05",
        "repo": "nixpkgs",
        "type": "github"
      }
    },
    "nixpkgs-stable_3": {
      "locked": {
        "lastModified": 1730602179,
        "narHash": "sha256-efgLzQAWSzJuCLiCaQUCDu4NudNlHdg2NzGLX5GYaEY=",
        "owner": "NixOS",
        "repo": "nixpkgs",
        "rev": "3c2f1c4ca372622cb2f9de8016c9a0b1cbd0f37c",
        "type": "github"
      },
      "original": {
        "owner": "NixOS",
        "ref": "release-24.05",
        "repo": "nixpkgs",
        "type": "github"
      }
    },
    "nixpkgs-unstable": {
      "locked": {
        "lastModified": 1730785428,
        "narHash": "sha256-Zwl8YgTVJTEum+L+0zVAWvXAGbWAuXHax3KzuejaDyo=",
        "owner": "NixOS",
        "repo": "nixpkgs",
        "rev": "4aa36568d413aca0ea84a1684d2d46f55dbabad7",
        "type": "github"
      },
      "original": {
        "owner": "NixOS",
        "ref": "nixos-unstable",
        "repo": "nixpkgs",
        "type": "github"
      }
    },
    "nixpkgs_2": {
      "locked": {
        "lastModified": 1713805509,
        "narHash": "sha256-YgSEan4CcrjivCNO5ZNzhg7/8ViLkZ4CB/GrGBVSudo=",
        "owner": "NixOS",
        "repo": "nixpkgs",
        "rev": "1e1dc66fe68972a76679644a5577828b6a7e8be4",
        "type": "github"
      },
      "original": {
        "owner": "NixOS",
        "ref": "nixpkgs-unstable",
        "repo": "nixpkgs",
        "type": "github"
      }
    },
    "nixpkgs_3": {
      "locked": {
        "lastModified": 1730785428,
        "narHash": "sha256-Zwl8YgTVJTEum+L+0zVAWvXAGbWAuXHax3KzuejaDyo=",
        "owner": "NixOS",
        "repo": "nixpkgs",
        "rev": "4aa36568d413aca0ea84a1684d2d46f55dbabad7",
        "type": "github"
      },
      "original": {
        "owner": "NixOS",
        "ref": "nixos-unstable",
        "repo": "nixpkgs",
        "type": "github"
      }
    },
    "nixpkgs_4": {
      "locked": {
        "lastModified": 1730200266,
        "narHash": "sha256-l253w0XMT8nWHGXuXqyiIC/bMvh1VRszGXgdpQlfhvU=",
        "owner": "NixOS",
        "repo": "nixpkgs",
        "rev": "807e9154dcb16384b1b765ebe9cd2bba2ac287fd",
        "type": "github"
      },
      "original": {
        "owner": "NixOS",
        "ref": "nixos-unstable",
        "repo": "nixpkgs",
        "type": "github"
      }
    },
    "nixvim": {
      "inputs": {
        "devshell": "devshell",
        "flake-compat": "flake-compat_2",
        "flake-parts": "flake-parts_2",
        "git-hooks": "git-hooks",
        "home-manager": "home-manager_2",
        "nix-darwin": "nix-darwin",
        "nixpkgs": [
          "nvix",
          "nixpkgs"
        ],
        "nuschtosSearch": "nuschtosSearch",
        "treefmt-nix": "treefmt-nix"
      },
      "locked": {
        "lastModified": 1730569492,
        "narHash": "sha256-NByr7l7JetL9kIrdCOcRqBu+lAkruYXETp1DMiDHNQs=",
        "owner": "nix-community",
        "repo": "nixvim",
        "rev": "6f210158b03b01a1fd44bf3968165e6da80635ce",
        "type": "github"
      },
      "original": {
        "owner": "nix-community",
        "repo": "nixvim",
        "type": "github"
      }
    },
    "nixvirt": {
      "inputs": {
        "nixpkgs": [
          "nixpkgs"
        ]
      },
      "locked": {
        "lastModified": 1729962349,
        "narHash": "sha256-IJXoaJ8s8nXkFjdrgg6tsytR/gEhztoTYXRRVtR5NTQ=",
        "owner": "AshleyYakeley",
        "repo": "NixVirt",
        "rev": "a95847465536bc8ebfcd677672141d79cd13ba3c",
        "type": "github"
      },
      "original": {
        "owner": "AshleyYakeley",
        "repo": "NixVirt",
        "type": "github"
      }
    },
    "nuschtosSearch": {
      "inputs": {
        "flake-utils": "flake-utils_2",
        "ixx": "ixx",
        "nixpkgs": [
          "nvix",
          "nixvim",
          "nixpkgs"
        ]
      },
      "locked": {
        "lastModified": 1730515563,
        "narHash": "sha256-8lklUZRV7nwkPLF3roxzi4C2oyLydDXyAzAnDvjkOms=",
        "owner": "NuschtOS",
        "repo": "search",
        "rev": "9e22bd742480916ff5d0ab20ca2522eaa3fa061e",
        "type": "github"
      },
      "original": {
        "owner": "NuschtOS",
        "repo": "search",
        "type": "github"
      }
    },
    "nvim-window-picker": {
      "flake": false,
      "locked": {
        "lastModified": 1702792768,
        "narHash": "sha256-D5ikm5Fw0N/AjDL71cuATp1OCONuxPZNfEHuh0vXkq0=",
        "owner": "s1n7ax",
        "repo": "nvim-window-picker",
        "rev": "41cfaa428577c53552200a404ae9b3a0b5719706",
        "type": "github"
      },
      "original": {
        "owner": "s1n7ax",
        "repo": "nvim-window-picker",
        "type": "github"
      }
    },
    "nvix": {
      "inputs": {
        "buffer-manager": "buffer-manager",
        "calendar": "calendar",
        "flake-parts": "flake-parts",
        "md-pdf": "md-pdf",
        "minty": "minty",
        "nixpkgs": "nixpkgs_4",
        "nixvim": "nixvim",
        "nvim-window-picker": "nvim-window-picker",
        "volt": "volt",
        "windows": "windows",
        "windows-a": "windows-a",
        "windows-mc": "windows-mc"
      },
      "locked": {
        "lastModified": 1730947258,
        "narHash": "sha256-VnX8fFYs2oZjp3ypgOETGcdfNgraDOctOmzSegT9Xs0=",
        "owner": "DrymarchonShaun",
        "repo": "nvix",
        "rev": "d5866fa66b83e07c85dbc9934a78a6f7621c4e61",
        "type": "github"
      },
      "original": {
        "owner": "DrymarchonShaun",
        "repo": "nvix",
        "type": "github"
      }
    },
    "pre-commit-hooks": {
      "inputs": {
        "flake-compat": "flake-compat_3",
        "gitignore": "gitignore_2",
        "nixpkgs": [
          "nixpkgs"
        ],
        "nixpkgs-stable": "nixpkgs-stable_2"
      },
      "locked": {
        "lastModified": 1730814269,
        "narHash": "sha256-fWPHyhYE6xvMI1eGY3pwBTq85wcy1YXqdzTZF+06nOg=",
        "owner": "cachix",
        "repo": "git-hooks.nix",
        "rev": "d70155fdc00df4628446352fc58adc640cd705c2",
        "type": "github"
      },
      "original": {
        "owner": "cachix",
        "repo": "git-hooks.nix",
        "type": "github"
      }
    },
    "root": {
      "inputs": {
        "catppuccin": "catppuccin",
        "catppuccin-vsc": "catppuccin-vsc",
        "disko": "disko",
        "hardware": "hardware",
        "home-manager": "home-manager",
        "nix-index-database": "nix-index-database",
        "nix-secrets": "nix-secrets",
        "nix-vscode-extensions": "nix-vscode-extensions",
        "nixpkgs": "nixpkgs_3",
        "nixpkgs-dev": "nixpkgs-dev",
        "nixpkgs-master": "nixpkgs-master",
        "nixpkgs-stable": "nixpkgs-stable",
        "nixpkgs-unstable": "nixpkgs-unstable",
        "nixvirt": "nixvirt",
        "nvix": "nvix",
        "pre-commit-hooks": "pre-commit-hooks",
        "sops-nix": "sops-nix"
      }
    },
    "sops-nix": {
      "inputs": {
        "nixpkgs": [
          "nixpkgs"
        ],
        "nixpkgs-stable": "nixpkgs-stable_3"
      },
      "locked": {
        "lastModified": 1731047660,
        "narHash": "sha256-iyp51lPWEQz4c5VH9bVbAuBcFP4crETU2QJYh5V0NYA=",
        "owner": "mic92",
        "repo": "sops-nix",
        "rev": "60e1bce1999f126e3b16ef45f89f72f0c3f8d16f",
        "type": "github"
      },
      "original": {
        "owner": "mic92",
        "repo": "sops-nix",
        "type": "github"
      }
    },
    "systems": {
      "locked": {
        "lastModified": 1681028828,
        "narHash": "sha256-Vy1rq5AaRuLzOxct8nz4T6wlgyUR7zLU309k9mBC768=",
        "owner": "nix-systems",
        "repo": "default",
        "rev": "da67096a3b9bf56a91d16901293e51ba5b49a27e",
        "type": "github"
      },
      "original": {
        "owner": "nix-systems",
        "repo": "default",
        "type": "github"
      }
    },
    "systems_2": {
      "locked": {
        "lastModified": 1681028828,
        "narHash": "sha256-Vy1rq5AaRuLzOxct8nz4T6wlgyUR7zLU309k9mBC768=",
        "owner": "nix-systems",
        "repo": "default",
        "rev": "da67096a3b9bf56a91d16901293e51ba5b49a27e",
        "type": "github"
      },
      "original": {
        "owner": "nix-systems",
        "repo": "default",
        "type": "github"
      }
    },
    "treefmt-nix": {
      "inputs": {
        "nixpkgs": [
          "nvix",
          "nixvim",
          "nixpkgs"
        ]
      },
      "locked": {
        "lastModified": 1730321837,
        "narHash": "sha256-vK+a09qq19QNu2MlLcvN4qcRctJbqWkX7ahgPZ/+maI=",
        "owner": "numtide",
        "repo": "treefmt-nix",
        "rev": "746901bb8dba96d154b66492a29f5db0693dbfcc",
        "type": "github"
      },
      "original": {
        "owner": "numtide",
        "repo": "treefmt-nix",
        "type": "github"
      }
    },
    "volt": {
      "flake": false,
      "locked": {
        "lastModified": 1730092866,
        "narHash": "sha256-i5gbXzJK7LpfUZbP/RG0wD0SWUj1EwUJq8Z+IEN3Ihg=",
        "owner": "NvChad",
        "repo": "volt",
        "rev": "4472da2e77ad240e7fc56af6357b2a8fdf6aa0ae",
        "type": "github"
      },
      "original": {
        "owner": "NvChad",
        "repo": "volt",
        "type": "github"
      }
    },
    "windows": {
      "flake": false,
      "locked": {
        "lastModified": 1673907386,
        "narHash": "sha256-Nfzd8kFqA83/0RfMUAYF4XXqhihyb22OnxDBrWW1nzU=",
        "owner": "anuvyklack",
        "repo": "windows.nvim",
        "rev": "c7492552b23d0ab30325e90b56066ec51242adc8",
        "type": "github"
      },
      "original": {
        "owner": "anuvyklack",
        "repo": "windows.nvim",
        "type": "github"
      }
    },
    "windows-a": {
      "flake": false,
      "locked": {
        "lastModified": 1663498646,
        "narHash": "sha256-KyFzPI2B0ioIABnhC6MwaHYLcuUzSqCsmcGpMei4XXk=",
        "owner": "anuvyklack",
        "repo": "animation.nvim",
        "rev": "fb77091ab72ec9971aee0562e7081182527aaa6a",
        "type": "github"
      },
      "original": {
        "owner": "anuvyklack",
        "repo": "animation.nvim",
        "type": "github"
      }
    },
    "windows-mc": {
      "flake": false,
      "locked": {
        "lastModified": 1663692601,
        "narHash": "sha256-scJX7ovVZ6YBRp2lTP7JswyZ0smvVZneGRGBvwFsyOQ=",
        "owner": "anuvyklack",
        "repo": "middleclass",
        "rev": "9fab4d5bca67262614960960ca35c4740eb2be2c",
        "type": "github"
      },
      "original": {
        "owner": "anuvyklack",
        "repo": "middleclass",
        "type": "github"
      }
    }
  },
  "root": "root",
  "version": 7
}
